# THIS IS AN AUTOGENERATED FILE. DO NOT EDIT THIS FILE DIRECTLY.
# yarn lockfile v1


base64-js@1.0.2:
  version "1.0.2"
  resolved "https://registry.yarnpkg.com/base64-js/-/base64-js-1.0.2.tgz#474211c95e6cf2a547db461e4f6778b51d08fa65"
  integrity sha1-R0IRyV5s8qVH20YeT2d4tR0I+mU=

deep-equal@~0.1.0:
  version "0.1.2"
  resolved "https://registry.yarnpkg.com/deep-equal/-/deep-equal-0.1.2.tgz#b246c2b80a570a47c11be1d9bd1070ec878b87ce"
  integrity sha1-skbCuApXCkfBG+HZvRBw7IeLh84=

defined@~0.0.0:
  version "0.0.0"
  resolved "https://registry.yarnpkg.com/defined/-/defined-0.0.0.tgz#f35eea7d705e933baf13b2f03b3f83d921403b3e"
  integrity sha1-817qfXBekzuvE7LwOz+D2SFAOz4=

jsonify@~0.0.0:
  version "0.0.0"
  resolved "https://registry.yarnpkg.com/jsonify/-/jsonify-0.0.0.tgz#2c74b6ee41d93ca51b7b5aaee8f503631d252a73"
  integrity sha1-LHS27kHZPKUbe1qu6PUDYx0lKnM=

tape@~2.0.0:
  version "2.0.2"
  resolved "https://registry.yarnpkg.com/tape/-/tape-2.0.2.tgz#13055fb26bf0e0d588925f5a87a41fa4f13ae3ca"
  integrity sha1-EwVfsmvw4NWIkl9ah6QfpPE648o=
  dependencies:
    deep-equal "~0.1.0"
    defined "~0.0.0"
    jsonify "~0.0.0"
    through "~2.3.4"

through@~2.3.4:
  version "2.3.8"
  resolved "https://registry.yarnpkg.com/through/-/through-2.3.8.tgz#0dd4c9ffaabc357960b1b724115d7e0e86a2e1f5"
  integrity sha1-DdTJ/6q8NXlgsbckEV1+Doai4fU=

to-utf8@0.0.1:
  version "0.0.1"
  resolved "https://registry.yarnpkg.com/to-utf8/-/to-utf8-0.0.1.tgz#d17aea72ff2fba39b9e43601be7b3ff72e089852"
  integrity sha1-0Xrqcv8vujm55DYBvns/9y4ImFI=
